// !$*UTF8*$!
{
	archiveVersion = 1;
	classes = {
	};
	objectVersion = 50;
	objects = {

/* Begin PBXBuildFile section */
		CE5666202107886700F880FC /* EarthquakeListViewModel.swift in Sources */ = {isa = PBXBuildFile; fileRef = CE56661F2107886700F880FC /* EarthquakeListViewModel.swift */; };
		CE5666232107BD0500F880FC /* EarthquakeListDataSource.swift in Sources */ = {isa = PBXBuildFile; fileRef = CE5666222107BD0500F880FC /* EarthquakeListDataSource.swift */; };
		CEEB181A21077E89001769F2 /* AppDelegate.swift in Sources */ = {isa = PBXBuildFile; fileRef = CEEB181921077E89001769F2 /* AppDelegate.swift */; };
		CEEB181C21077E89001769F2 /* EarthquakeListViewController.swift in Sources */ = {isa = PBXBuildFile; fileRef = CEEB181B21077E89001769F2 /* EarthquakeListViewController.swift */; };
		CEEB181F21077E89001769F2 /* Main.storyboard in Resources */ = {isa = PBXBuildFile; fileRef = CEEB181D21077E89001769F2 /* Main.storyboard */; };
		CEEB182121077E8B001769F2 /* Assets.xcassets in Resources */ = {isa = PBXBuildFile; fileRef = CEEB182021077E8B001769F2 /* Assets.xcassets */; };
		CEEB182421077E8B001769F2 /* LaunchScreen.storyboard in Resources */ = {isa = PBXBuildFile; fileRef = CEEB182221077E8B001769F2 /* LaunchScreen.storyboard */; };
		CEEB182D21077FA4001769F2 /* Earthquake.swift in Sources */ = {isa = PBXBuildFile; fileRef = CEEB182C21077FA4001769F2 /* Earthquake.swift */; };
		F0EEEF570C3DEC66E02F6159 /* Pods_NepalEarthquake.framework in Frameworks */ = {isa = PBXBuildFile; fileRef = 385E3EAF25B5493AAA08A2FF /* Pods_NepalEarthquake.framework */; };
/* End PBXBuildFile section */

/* Begin PBXFileReference section */
		385E3EAF25B5493AAA08A2FF /* Pods_NepalEarthquake.framework */ = {isa = PBXFileReference; explicitFileType = wrapper.framework; includeInIndex = 0; path = Pods_NepalEarthquake.framework; sourceTree = BUILT_PRODUCTS_DIR; };
		8273FF216D108F65B50C622C /* Pods-NepalEarthquake.debug.xcconfig */ = {isa = PBXFileReference; includeInIndex = 1; lastKnownFileType = text.xcconfig; name = "Pods-NepalEarthquake.debug.xcconfig"; path = "Pods/Target Support Files/Pods-NepalEarthquake/Pods-NepalEarthquake.debug.xcconfig"; sourceTree = "<group>"; };
		CE56661F2107886700F880FC /* EarthquakeListViewModel.swift */ = {isa = PBXFileReference; lastKnownFileType = sourcecode.swift; path = EarthquakeListViewModel.swift; sourceTree = "<group>"; };
		CE5666222107BD0500F880FC /* EarthquakeListDataSource.swift */ = {isa = PBXFileReference; lastKnownFileType = sourcecode.swift; path = EarthquakeListDataSource.swift; sourceTree = "<group>"; };
		CEEB181621077E89001769F2 /* NepalEarthquake.app */ = {isa = PBXFileReference; explicitFileType = wrapper.application; includeInIndex = 0; path = NepalEarthquake.app; sourceTree = BUILT_PRODUCTS_DIR; };
		CEEB181921077E89001769F2 /* AppDelegate.swift */ = {isa = PBXFileReference; lastKnownFileType = sourcecode.swift; path = AppDelegate.swift; sourceTree = "<group>"; };
		CEEB181B21077E89001769F2 /* EarthquakeListViewController.swift */ = {isa = PBXFileReference; lastKnownFileType = sourcecode.swift; path = EarthquakeListViewController.swift; sourceTree = "<group>"; };
		CEEB181E21077E89001769F2 /* Base */ = {isa = PBXFileReference; lastKnownFileType = file.storyboard; name = Base; path = Base.lproj/Main.storyboard; sourceTree = "<group>"; };
		CEEB182021077E8B001769F2 /* Assets.xcassets */ = {isa = PBXFileReference; lastKnownFileType = folder.assetcatalog; path = Assets.xcassets; sourceTree = "<group>"; };
		CEEB182321077E8B001769F2 /* Base */ = {isa = PBXFileReference; lastKnownFileType = file.storyboard; name = Base; path = Base.lproj/LaunchScreen.storyboard; sourceTree = "<group>"; };
		CEEB182521077E8B001769F2 /* Info.plist */ = {isa = PBXFileReference; lastKnownFileType = text.plist.xml; path = Info.plist; sourceTree = "<group>"; };
		CEEB182C21077FA4001769F2 /* Earthquake.swift */ = {isa = PBXFileReference; lastKnownFileType = sourcecode.swift; path = Earthquake.swift; sourceTree = "<group>"; };
		DF79B35743D92E2B3E320CBE /* Pods-NepalEarthquake.release.xcconfig */ = {isa = PBXFileReference; includeInIndex = 1; lastKnownFileType = text.xcconfig; name = "Pods-NepalEarthquake.release.xcconfig"; path = "Pods/Target Support Files/Pods-NepalEarthquake/Pods-NepalEarthquake.release.xcconfig"; sourceTree = "<group>"; };
/* End PBXFileReference section */

/* Begin PBXFrameworksBuildPhase section */
		CEEB181321077E89001769F2 /* Frameworks */ = {
			isa = PBXFrameworksBuildPhase;
			buildActionMask = 2147483647;
			files = (
				F0EEEF570C3DEC66E02F6159 /* Pods_NepalEarthquake.framework in Frameworks */,
			);
			runOnlyForDeploymentPostprocessing = 0;
		};
/* End PBXFrameworksBuildPhase section */

/* Begin PBXGroup section */
		1476959609BB5CCA14DFA5BB /* Pods */ = {
			isa = PBXGroup;
			children = (
				8273FF216D108F65B50C622C /* Pods-NepalEarthquake.debug.xcconfig */,
				DF79B35743D92E2B3E320CBE /* Pods-NepalEarthquake.release.xcconfig */,
			);
			name = Pods;
			sourceTree = "<group>";
		};
		4FB1DC3B2AC1AEAFE8BB25DA /* Frameworks */ = {
			isa = PBXGroup;
			children = (
				385E3EAF25B5493AAA08A2FF /* Pods_NepalEarthquake.framework */,
			);
			name = Frameworks;
			sourceTree = "<group>";
		};
		CE56661E2107884000F880FC /* View Model */ = {
			isa = PBXGroup;
			children = (
				CE56661F2107886700F880FC /* EarthquakeListViewModel.swift */,
				CE5666222107BD0500F880FC /* EarthquakeListDataSource.swift */,
			);
			path = "View Model";
			sourceTree = "<group>";
		};
		CE5666212107BCB800F880FC /* View */ = {
			isa = PBXGroup;
			children = (
				CEEB181B21077E89001769F2 /* EarthquakeListViewController.swift */,
			);
			path = View;
			sourceTree = "<group>";
		};
		CEEB180D21077E89001769F2 = {
			isa = PBXGroup;
			children = (
				CEEB181821077E89001769F2 /* NepalEarthquake */,
				CEEB181721077E89001769F2 /* Products */,
				1476959609BB5CCA14DFA5BB /* Pods */,
				4FB1DC3B2AC1AEAFE8BB25DA /* Frameworks */,
			);
			sourceTree = "<group>";
		};
		CEEB181721077E89001769F2 /* Products */ = {
			isa = PBXGroup;
			children = (
				CEEB181621077E89001769F2 /* NepalEarthquake.app */,
			);
			name = Products;
			sourceTree = "<group>";
		};
		CEEB181821077E89001769F2 /* NepalEarthquake */ = {
			isa = PBXGroup;
			children = (
				CEEB181921077E89001769F2 /* AppDelegate.swift */,
				CEEB181D21077E89001769F2 /* Main.storyboard */,
				CEEB182B21077F90001769F2 /* Model */,
				CE5666212107BCB800F880FC /* View */,
				CE56661E2107884000F880FC /* View Model */,
				CEEB182021077E8B001769F2 /* Assets.xcassets */,
				CEEB182221077E8B001769F2 /* LaunchScreen.storyboard */,
				CEEB182521077E8B001769F2 /* Info.plist */,
			);
			path = NepalEarthquake;
			sourceTree = "<group>";
		};
		CEEB182B21077F90001769F2 /* Model */ = {
			isa = PBXGroup;
			children = (
				CEEB182C21077FA4001769F2 /* Earthquake.swift */,
			);
			path = Model;
			sourceTree = "<group>";
		};
/* End PBXGroup section */

/* Begin PBXNativeTarget section */
		CEEB181521077E89001769F2 /* NepalEarthquake */ = {
			isa = PBXNativeTarget;
			buildConfigurationList = CEEB182821077E8B001769F2 /* Build configuration list for PBXNativeTarget "NepalEarthquake" */;
			buildPhases = (
				57A62C18EDFFA17D53584F1C /* [CP] Check Pods Manifest.lock */,
				CEEB181221077E89001769F2 /* Sources */,
				CEEB181321077E89001769F2 /* Frameworks */,
				CEEB181421077E89001769F2 /* Resources */,
			);
			buildRules = (
			);
			dependencies = (
			);
			name = NepalEarthquake;
			productName = NepalEarthquake;
			productReference = CEEB181621077E89001769F2 /* NepalEarthquake.app */;
			productType = "com.apple.product-type.application";
		};
/* End PBXNativeTarget section */

/* Begin PBXProject section */
		CEEB180E21077E89001769F2 /* Project object */ = {
			isa = PBXProject;
			attributes = {
				LastSwiftUpdateCheck = 0940;
				LastUpgradeCheck = 0940;
				ORGANIZATIONNAME = Bhunte;
				TargetAttributes = {
					CEEB181521077E89001769F2 = {
						CreatedOnToolsVersion = 9.4.1;
					};
				};
			};
			buildConfigurationList = CEEB181121077E89001769F2 /* Build configuration list for PBXProject "NepalEarthquake" */;
			compatibilityVersion = "Xcode 9.3";
			developmentRegion = en;
			hasScannedForEncodings = 0;
			knownRegions = (
				en,
				Base,
			);
			mainGroup = CEEB180D21077E89001769F2;
			productRefGroup = CEEB181721077E89001769F2 /* Products */;
			projectDirPath = "";
			projectRoot = "";
			targets = (
				CEEB181521077E89001769F2 /* NepalEarthquake */,
			);
		};
/* End PBXProject section */

/* Begin PBXResourcesBuildPhase section */
		CEEB181421077E89001769F2 /* Resources */ = {
			isa = PBXResourcesBuildPhase;
			buildActionMask = 2147483647;
			files = (
				CEEB182421077E8B001769F2 /* LaunchScreen.storyboard in Resources */,
				CEEB182121077E8B001769F2 /* Assets.xcassets in Resources */,
				CEEB181F21077E89001769F2 /* Main.storyboard in Resources */,
			);
			runOnlyForDeploymentPostprocessing = 0;
		};
/* End PBXResourcesBuildPhase section */

/* Begin PBXShellScriptBuildPhase section */
		57A62C18EDFFA17D53584F1C /* [CP] Check Pods Manifest.lock */ = {
			isa = PBXShellScriptBuildPhase;
			buildActionMask = 2147483647;
			files = (
			);
			inputPaths = (
				"${PODS_PODFILE_DIR_PATH}/Podfile.lock",
				"${PODS_ROOT}/Manifest.lock",
			);
			name = "[CP] Check Pods Manifest.lock";
			outputPaths = (
				"$(DERIVED_FILE_DIR)/Pods-NepalEarthquake-checkManifestLockResult.txt",
			);
			runOnlyForDeploymentPostprocessing = 0;
			shellPath = /bin/sh;
			shellScript = "diff \"${PODS_PODFILE_DIR_PATH}/Podfile.lock\" \"${PODS_ROOT}/Manifest.lock\" > /dev/null\nif [ $? != 0 ] ; then\n    # print error to STDERR\n    echo \"error: The sandbox is not in sync with the Podfile.lock. Run 'pod install' or update your CocoaPods installation.\" >&2\n    exit 1\nfi\n# This output is used by Xcode 'outputs' to avoid re-running this script phase.\necho \"SUCCESS\" > \"${SCRIPT_OUTPUT_FILE_0}\"\n";
			showEnvVarsInLog = 0;
		};
/* End PBXShellScriptBuildPhase section */

/* Begin PBXSourcesBuildPhase section */
		CEEB181221077E89001769F2 /* Sources */ = {
			isa = PBXSourcesBuildPhase;
			buildActionMask = 2147483647;
			files = (
				CEEB181C21077E89001769F2 /* EarthquakeListViewController.swift in Sources */,
				CEEB182D21077FA4001769F2 /* Earthquake.swift in Sources */,
				CEEB181A21077E89001769F2 /* AppDelegate.swift in Sources */,
				CE5666232107BD0500F880FC /* EarthquakeListDataSource.swift in Sources */,
				CE5666202107886700F880FC /* EarthquakeListViewModel.swift in Sources */,
			);
			runOnlyForDeploymentPostprocessing = 0;
		};
/* End PBXSourcesBuildPhase section */

/* Begin PBXVariantGroup section */
		CEEB181D21077E89001769F2 /* Main.storyboard */ = {
			isa = PBXVariantGroup;
			children = (
				CEEB181E21077E89001769F2 /* Base */,
			);
			name = Main.storyboard;
			sourceTree = "<group>";
		};
		CEEB182221077E8B001769F2 /* LaunchScreen.storyboard */ = {
			isa = PBXVariantGroup;
			children = (
				CEEB182321077E8B001769F2 /* Base */,
			);
			name = LaunchScreen.storyboard;
			sourceTree = "<group>";
		};
/* End PBXVariantGroup section */

/* Begin XCBuildConfiguration section */
		CEEB182621077E8B001769F2 /* Debug */ = {
			isa = XCBuildConfiguration;
			buildSettings = {
				ALWAYS_SEARCH_USER_PATHS = NO;
				CLANG_ANALYZER_NONNULL = YES;
				CLANG_ANALYZER_NUMBER_OBJECT_CONVERSION = YES_AGGRESSIVE;
				CLANG_CXX_LANGUAGE_STANDARD = "gnu++14";
				CLANG_CXX_LIBRARY = "libc++";
				CLANG_ENABLE_MODULES = YES;
				CLANG_ENABLE_OBJC_ARC = YES;
				CLANG_ENABLE_OBJC_WEAK = YES;
				CLANG_WARN_BLOCK_CAPTURE_AUTORELEASING = YES;
				CLANG_WARN_BOOL_CONVERSION = YES;
				CLANG_WARN_COMMA = YES;
				CLANG_WARN_CONSTANT_CONVERSION = YES;
				CLANG_WARN_DEPRECATED_OBJC_IMPLEMENTATIONS = YES;
				CLANG_WARN_DIRECT_OBJC_ISA_USAGE = YES_ERROR;
				CLANG_WARN_DOCUMENTATION_COMMENTS = YES;
				CLANG_WARN_EMPTY_BODY = YES;
				CLANG_WARN_ENUM_CONVERSION = YES;
				CLANG_WARN_INFINITE_RECURSION = YES;
				CLANG_WARN_INT_CONVERSION = YES;
				CLANG_WARN_NON_LITERAL_NULL_CONVERSION = YES;
				CLANG_WARN_OBJC_IMPLICIT_RETAIN_SELF = YES;
				CLANG_WARN_OBJC_LITERAL_CONVERSION = YES;
				CLANG_WARN_OBJC_ROOT_CLASS = YES_ERROR;
				CLANG_WARN_RANGE_LOOP_ANALYSIS = YES;
				CLANG_WARN_STRICT_PROTOTYPES = YES;
				CLANG_WARN_SUSPICIOUS_MOVE = YES;
				CLANG_WARN_UNGUARDED_AVAILABILITY = YES_AGGRESSIVE;
				CLANG_WARN_UNREACHABLE_CODE = YES;
				CLANG_WARN__DUPLICATE_METHOD_MATCH = YES;
				CODE_SIGN_IDENTITY = "iPhone Developer";
				COPY_PHASE_STRIP = NO;
				DEBUG_INFORMATION_FORMAT = dwarf;
				ENABLE_STRICT_OBJC_MSGSEND = YES;
				ENABLE_TESTABILITY = YES;
				GCC_C_LANGUAGE_STANDARD = gnu11;
				GCC_DYNAMIC_NO_PIC = NO;
				GCC_NO_COMMON_BLOCKS = YES;
				GCC_OPTIMIZATION_LEVEL = 0;
				GCC_PREPROCESSOR_DEFINITIONS = (
					"DEBUG=1",
					"$(inherited)",
				);
				GCC_WARN_64_TO_32_BIT_CONVERSION = YES;
				GCC_WARN_ABOUT_RETURN_TYPE = YES_ERROR;
				GCC_WARN_UNDECLARED_SELECTOR = YES;
				GCC_WARN_UNINITIALIZED_AUTOS = YES_AGGRESSIVE;
				GCC_WARN_UNUSED_FUNCTION = YES;
				GCC_WARN_UNUSED_VARIABLE = YES;
				IPHONEOS_DEPLOYMENT_TARGET = 11.4;
				MTL_ENABLE_DEBUG_INFO = YES;
				ONLY_ACTIVE_ARCH = YES;
				SDKROOT = iphoneos;
				SWIFT_ACTIVE_COMPILATION_CONDITIONS = DEBUG;
				SWIFT_OPTIMIZATION_LEVEL = "-Onone";
			};
			name = Debug;
		};
		CEEB182721077E8B001769F2 /* Release */ = {
			isa = XCBuildConfiguration;
			buildSettings = {
				ALWAYS_SEARCH_USER_PATHS = NO;
				CLANG_ANALYZER_NONNULL = YES;
				CLANG_ANALYZER_NUMBER_OBJECT_CONVERSION = YES_AGGRESSIVE;
				CLANG_CXX_LANGUAGE_STANDARD = "gnu++14";
				CLANG_CXX_LIBRARY = "libc++";
				CLANG_ENABLE_MODULES = YES;
				CLANG_ENABLE_OBJC_ARC = YES;
				CLANG_ENABLE_OBJC_WEAK = YES;
				CLANG_WARN_BLOCK_CAPTURE_AUTORELEASING = YES;
				CLANG_WARN_BOOL_CONVERSION = YES;
				CLANG_WARN_COMMA = YES;
				CLANG_WARN_CONSTANT_CONVERSION = YES;
				CLANG_WARN_DEPRECATED_OBJC_IMPLEMENTATIONS = YES;
				CLANG_WARN_DIRECT_OBJC_ISA_USAGE = YES_ERROR;
				CLANG_WARN_DOCUMENTATION_COMMENTS = YES;
				CLANG_WARN_EMPTY_BODY = YES;
				CLANG_WARN_ENUM_CONVERSION = YES;
				CLANG_WARN_INFINITE_RECURSION = YES;
				CLANG_WARN_INT_CONVERSION = YES;
				CLANG_WARN_NON_LITERAL_NULL_CONVERSION = YES;
				CLANG_WARN_OBJC_IMPLICIT_RETAIN_SELF = YES;
				CLANG_WARN_OBJC_LITERAL_CONVERSION = YES;
				CLANG_WARN_OBJC_ROOT_CLASS = YES_ERROR;
				CLANG_WARN_RANGE_LOOP_ANALYSIS = YES;
				CLANG_WARN_STRICT_PROTOTYPES = YES;
				CLANG_WARN_SUSPICIOUS_MOVE = YES;
				CLANG_WARN_UNGUARDED_AVAILABILITY = YES_AGGRESSIVE;
				CLANG_WARN_UNREACHABLE_CODE = YES;
				CLANG_WARN__DUPLICATE_METHOD_MATCH = YES;
				CODE_SIGN_IDENTITY = "iPhone Developer";
				COPY_PHASE_STRIP = NO;
				DEBUG_INFORMATION_FORMAT = "dwarf-with-dsym";
				ENABLE_NS_ASSERTIONS = NO;
				ENABLE_STRICT_OBJC_MSGSEND = YES;
				GCC_C_LANGUAGE_STANDARD = gnu11;
				GCC_NO_COMMON_BLOCKS = YES;
				GCC_WARN_64_TO_32_BIT_CONVERSION = YES;
				GCC_WARN_ABOUT_RETURN_TYPE = YES_ERROR;
				GCC_WARN_UNDECLARED_SELECTOR = YES;
				GCC_WARN_UNINITIALIZED_AUTOS = YES_AGGRESSIVE;
				GCC_WARN_UNUSED_FUNCTION = YES;
				GCC_WARN_UNUSED_VARIABLE = YES;
				IPHONEOS_DEPLOYMENT_TARGET = 11.4;
				MTL_ENABLE_DEBUG_INFO = NO;
				SDKROOT = iphoneos;
				SWIFT_COMPILATION_MODE = wholemodule;
				SWIFT_OPTIMIZATION_LEVEL = "-O";
				VALIDATE_PRODUCT = YES;
			};
			name = Release;
		};
		CEEB182921077E8B001769F2 /* Debug */ = {
			isa = XCBuildConfiguration;
			baseConfigurationReference = 8273FF216D108F65B50C622C /* Pods-NepalEarthquake.debug.xcconfig */;
			buildSettings = {
				ASSETCATALOG_COMPILER_APPICON_NAME = AppIcon;
				CODE_SIGN_STYLE = Automatic;
				DEVELOPMENT_TEAM = YH9MLLYLBL;
				INFOPLIST_FILE = NepalEarthquake/Info.plist;
				LD_RUNPATH_SEARCH_PATHS = (
					"$(inherited)",
					"@executable_path/Frameworks",
				);
				PRODUCT_BUNDLE_IDENTIFIER = bhunte.NepalEarthquake;
				PRODUCT_NAME = "$(TARGET_NAME)";
				SWIFT_VERSION = 4.0;
				TARGETED_DEVICE_FAMILY = "1,2";
			};
			name = Debug;
		};
		CEEB182A21077E8B001769F2 /* Release */ = {
			isa = XCBuildConfiguration;
			baseConfigurationReference = DF79B35743D92E2B3E320CBE /* Pods-NepalEarthquake.release.xcconfig */;
			buildSettings = {
				ASSETCATALOG_COMPILER_APPICON_NAME = AppIcon;
				CODE_SIGN_STYLE = Automatic;
				DEVELOPMENT_TEAM = YH9MLLYLBL;
				INFOPLIST_FILE = NepalEarthquake/Info.plist;
				LD_RUNPATH_SEARCH_PATHS = (
					"$(inherited)",
					"@executable_path/Frameworks",
				);
				PRODUCT_BUNDLE_IDENTIFIER = bhunte.NepalEarthquake;
				PRODUCT_NAME = "$(TARGET_NAME)";
				SWIFT_VERSION = 4.0;
				TARGETED_DEVICE_FAMILY = "1,2";
			};
			name = Release;
		};
/* End XCBuildConfiguration section */

/* Begin XCConfigurationList section */
		CEEB181121077E89001769F2 /* Build configuration list for PBXProject "NepalEarthquake" */ = {
			isa = XCConfigurationList;
			buildConfigurations = (
				CEEB182621077E8B001769F2 /* Debug */,
				CEEB182721077E8B001769F2 /* Release */,
			);
			defaultConfigurationIsVisible = 0;
			defaultConfigurationName = Release;
		};
		CEEB182821077E8B001769F2 /* Build configuration list for PBXNativeTarget "NepalEarthquake" */ = {
			isa = XCConfigurationList;
			buildConfigurations = (
				CEEB182921077E8B001769F2 /* Debug */,
				CEEB182A21077E8B001769F2 /* Release */,
			);
			defaultConfigurationIsVisible = 0;
			defaultConfigurationName = Release;
		};
/* End XCConfigurationList section */
	};
	rootObject = CEEB180E21077E89001769F2 /* Project object */;
}
